
Microsoft Visual Studio Solution File, Format Version 12.00
# Visual Studio Version 16
VisualStudioVersion = 16.0.30907.101
MinimumVisualStudioVersion = 10.0.40219.1
Project("{FAE04EC0-301F-11D3-BF4B-00C04F79EFBC}") = "WebApplication9", "WebApplication9.csproj", "{5DAACC99-F91A-4B4D-B447-E8399A4C5B8A}"
EndProject
Global
	GlobalSection(SolutionConfigurationPlatforms) = preSolution
		Debug|Any CPU = Debug|Any CPU
		Release|Any CPU = Release|Any CPU
	EndGlobalSection
	GlobalSection(ProjectConfigurationPlatforms) = postSolution
		{5DAACC99-F91A-4B4D-B447-E8399A4C5B8A}.Debug|Any CPU.ActiveCfg = Debug|Any CPU
		{5DAACC99-F91A-4B4D-B447-E8399A4C5B8A}.Debug|Any CPU.Build.0 = Debug|Any CPU
		{5DAACC99-F91A-4B4D-B447-E8399A4C5B8A}.Release|Any CPU.ActiveCfg = Release|Any CPU
		{5DAACC99-F91A-4B4D-B447-E8399A4C5B8A}.Release|Any CPU.Build.0 = Release|Any CPU
	EndGlobalSection
	GlobalSection(SolutionProperties) = preSolution
		HideSolutionNode = FALSE
	EndGlobalSection
	GlobalSection(ExtensibilityGlobals) = postSolution
		SolutionGuid = {4F5813BF-9527-4F01-A6F1-764C63DD006B}
	EndGlobalSection
EndGlobal
